
Microsoft Visual Studio Solution File, Format Version 12.00
# Visual Studio Version 17
VisualStudioVersion = 17.12.35521.163 d17.12
MinimumVisualStudioVersion = 10.0.40219.1
Project("{FAE04EC0-301F-11D3-BF4B-00C04F79EFBC}") = "Site-StrongE", "Site-StrongE\Site-StrongE.csproj", "{CE7950C0-FD2A-4A88-B4B4-F7F96184EA9E}"
EndProject
Project("{FAE04EC0-301F-11D3-BF4B-00C04F79EFBC}") = "Site-StrongE.Client", "Site-StrongE.Client\Site-StrongE.Client.csproj", "{40D960BD-5BC5-4EE4-BE86-7CC201D35620}"
EndProject
Global
	GlobalSection(SolutionConfigurationPlatforms) = preSolution
		Debug|Any CPU = Debug|Any CPU
		Release|Any CPU = Release|Any CPU
	EndGlobalSection
	GlobalSection(ProjectConfigurationPlatforms) = postSolution
		{CE7950C0-FD2A-4A88-B4B4-F7F96184EA9E}.Debug|Any CPU.ActiveCfg = Debug|Any CPU
		{CE7950C0-FD2A-4A88-B4B4-F7F96184EA9E}.Debug|Any CPU.Build.0 = Debug|Any CPU
		{CE7950C0-FD2A-4A88-B4B4-F7F96184EA9E}.Release|Any CPU.ActiveCfg = Release|Any CPU
		{CE7950C0-FD2A-4A88-B4B4-F7F96184EA9E}.Release|Any CPU.Build.0 = Release|Any CPU
		{40D960BD-5BC5-4EE4-BE86-7CC201D35620}.Debug|Any CPU.ActiveCfg = Debug|Any CPU
		{40D960BD-5BC5-4EE4-BE86-7CC201D35620}.Debug|Any CPU.Build.0 = Debug|Any CPU
		{40D960BD-5BC5-4EE4-BE86-7CC201D35620}.Release|Any CPU.ActiveCfg = Release|Any CPU
		{40D960BD-5BC5-4EE4-BE86-7CC201D35620}.Release|Any CPU.Build.0 = Release|Any CPU
	EndGlobalSection
	GlobalSection(SolutionProperties) = preSolution
		HideSolutionNode = FALSE
	EndGlobalSection
EndGlobal
